
Microsoft Visual Studio Solution File, Format Version 12.00
# Visual Studio Version 17
VisualStudioVersion = 17.13.35931.197 d17.13
MinimumVisualStudioVersion = 10.0.40219.1
Project("{8BC9CEB8-8B4A-11D0-8D11-00A0C91BC942}") = "Yara Violations Reader", "Yara Violations Reader\Yara Violations Reader.vcxproj", "{0F2250F6-E4BB-459A-BC81-726D25A5481A}"
EndProject
Global
	GlobalSection(SolutionConfigurationPlatforms) = preSolution
		Debug|x64 = Debug|x64
		Debug|x86 = Debug|x86
		Release|x64 = Release|x64
		Release|x86 = Release|x86
	EndGlobalSection
	GlobalSection(ProjectConfigurationPlatforms) = postSolution
		{0F2250F6-E4BB-459A-BC81-726D25A5481A}.Debug|x64.ActiveCfg = Debug|x64
		{0F2250F6-E4BB-459A-BC81-726D25A5481A}.Debug|x64.Build.0 = Debug|x64
		{0F2250F6-E4BB-459A-BC81-726D25A5481A}.Debug|x86.ActiveCfg = Debug|Win32
		{0F2250F6-E4BB-459A-BC81-726D25A5481A}.Debug|x86.Build.0 = Debug|Win32
		{0F2250F6-E4BB-459A-BC81-726D25A5481A}.Release|x64.ActiveCfg = Release|x64
		{0F2250F6-E4BB-459A-BC81-726D25A5481A}.Release|x64.Build.0 = Release|x64
		{0F2250F6-E4BB-459A-BC81-726D25A5481A}.Release|x86.ActiveCfg = Release|Win32
		{0F2250F6-E4BB-459A-BC81-726D25A5481A}.Release|x86.Build.0 = Release|Win32
	EndGlobalSection
	GlobalSection(SolutionProperties) = preSolution
		HideSolutionNode = FALSE
	EndGlobalSection
	GlobalSection(ExtensibilityGlobals) = postSolution
		SolutionGuid = {FC752B3F-223F-4102-A318-1DFC2B8A284F}
	EndGlobalSection
EndGlobal
